
Microsoft Visual Studio Solution File, Format Version 12.00
# Visual Studio 14
VisualStudioVersion = 14.0.25420.1
MinimumVisualStudioVersion = 10.0.40219.1
Project("{FAE04EC0-301F-11D3-BF4B-00C04F79EFBC}") = "HackerrankSolutions", "CodeRankSolutions\HackerrankSolutions.csproj", "{07542AD1-D503-4413-840B-4C9DCDEC9EA1}"
EndProject
Project("{FAE04EC0-301F-11D3-BF4B-00C04F79EFBC}") = "HackerrankSolutions.Tests", "HackerrankSolutions.Tests\HackerrankSolutions.Tests.csproj", "{E970C445-AB38-4947-982A-077481733786}"
EndProject
Global
	GlobalSection(SolutionConfigurationPlatforms) = preSolution
		Debug|Any CPU = Debug|Any CPU
		Release|Any CPU = Release|Any CPU
	EndGlobalSection
	GlobalSection(ProjectConfigurationPlatforms) = postSolution
		{07542AD1-D503-4413-840B-4C9DCDEC9EA1}.Debug|Any CPU.ActiveCfg = Debug|Any CPU
		{07542AD1-D503-4413-840B-4C9DCDEC9EA1}.Debug|Any CPU.Build.0 = Debug|Any CPU
		{07542AD1-D503-4413-840B-4C9DCDEC9EA1}.Release|Any CPU.ActiveCfg = Release|Any CPU
		{07542AD1-D503-4413-840B-4C9DCDEC9EA1}.Release|Any CPU.Build.0 = Release|Any CPU
		{E970C445-AB38-4947-982A-077481733786}.Debug|Any CPU.ActiveCfg = Debug|Any CPU
		{E970C445-AB38-4947-982A-077481733786}.Debug|Any CPU.Build.0 = Debug|Any CPU
		{E970C445-AB38-4947-982A-077481733786}.Release|Any CPU.ActiveCfg = Release|Any CPU
		{E970C445-AB38-4947-982A-077481733786}.Release|Any CPU.Build.0 = Release|Any CPU
	EndGlobalSection
	GlobalSection(SolutionProperties) = preSolution
		HideSolutionNode = FALSE
	EndGlobalSection
EndGlobal
